fingerprint_node_version: 0.0.1


fingerprint_template_for_test: "Z9jy5qJ6HYLVE6ZSTFFcgBd9nMmJkfbrvPhNOyW6t6k+lnfiolo9YDezBrCu8fxi9d08KWkxVh9LNQ7nFTI397Sky4Sh2S4dprqWetoFHNyEXCNYtly4ijNFboPKRwnNHFKr5LHRrL9HwPUJuA3BEQMtgNutfgwv7SJD9Go1OKYxGfjtrfWSz5gcqR8BXlPNWnKThsae+aTzd8J0ajU4pjEZ+O2t9ZLPmBypHwFeU81acpOGxp75pPN3wnRqNTimMRn47a31ks+YHKkfAV5TzVpyk4bGnvmk83fCdGo1OKYxGfjtrfWSz5gcqR8BXlPNWnKThsae+aTzd8J0ajU4ag=="
